
Microsoft Visual Studio Solution File, Format Version 12.00
# Visual Studio 14
VisualStudioVersion = 14.0.25420.1
MinimumVisualStudioVersion = 10.0.40219.1
Project("{FAE04EC0-301F-11D3-BF4B-00C04F79EFBC}") = "CMSC124 LOLCODE Interpreter", "CMSC124 LOLCODE Interpreter.csproj", "{6EA3D905-3CEE-499E-A9B4-E98886DF44D2}"
EndProject
Global
	GlobalSection(SolutionConfigurationPlatforms) = preSolution
		Debug|Any CPU = Debug|Any CPU
		Release|Any CPU = Release|Any CPU
	EndGlobalSection
	GlobalSection(ProjectConfigurationPlatforms) = postSolution
		{6EA3D905-3CEE-499E-A9B4-E98886DF44D2}.Debug|Any CPU.ActiveCfg = Debug|Any CPU
		{6EA3D905-3CEE-499E-A9B4-E98886DF44D2}.Debug|Any CPU.Build.0 = Debug|Any CPU
		{6EA3D905-3CEE-499E-A9B4-E98886DF44D2}.Release|Any CPU.ActiveCfg = Release|Any CPU
		{6EA3D905-3CEE-499E-A9B4-E98886DF44D2}.Release|Any CPU.Build.0 = Release|Any CPU
	EndGlobalSection
	GlobalSection(SolutionProperties) = preSolution
		HideSolutionNode = FALSE
	EndGlobalSection
EndGlobal
